
Microsoft Visual Studio Solution File, Format Version 12.00
# Visual Studio Version 16
VisualStudioVersion = 16.0.30804.86
MinimumVisualStudioVersion = 10.0.40219.1
Project("{9A19103F-16F7-4668-BE54-9A1E7A4F7556}") = "How2CSSBlazor", "How2CSSBlazor\How2CSSBlazor.csproj", "{742E87A0-F03D-4118-BD24-D592FB0193D5}"
EndProject
Global
	GlobalSection(SolutionConfigurationPlatforms) = preSolution
		Debug|Any CPU = Debug|Any CPU
		Release|Any CPU = Release|Any CPU
	EndGlobalSection
	GlobalSection(ProjectConfigurationPlatforms) = postSolution
		{742E87A0-F03D-4118-BD24-D592FB0193D5}.Debug|Any CPU.ActiveCfg = Debug|Any CPU
		{742E87A0-F03D-4118-BD24-D592FB0193D5}.Debug|Any CPU.Build.0 = Debug|Any CPU
		{742E87A0-F03D-4118-BD24-D592FB0193D5}.Release|Any CPU.ActiveCfg = Release|Any CPU
		{742E87A0-F03D-4118-BD24-D592FB0193D5}.Release|Any CPU.Build.0 = Release|Any CPU
	EndGlobalSection
	GlobalSection(SolutionProperties) = preSolution
		HideSolutionNode = FALSE
	EndGlobalSection
	GlobalSection(ExtensibilityGlobals) = postSolution
		SolutionGuid = {DC753650-1750-4A0E-AFD0-CABCAA1B52F4}
	EndGlobalSection
EndGlobal
